// !$*UTF8*$!
{
	archiveVersion = 1;
	classes = {
	};
	objectVersion = 46;
	objects = {

/* Begin PBXBuildFile section */
		0E0C20F11823C3CA00B066E1 /* RGSAppDelegate.m in Sources */ = {isa = PBXBuildFile; fileRef = 0E0C20EC1823C3CA00B066E1 /* RGSAppDelegate.m */; };
		0E0C20F21823C3CA00B066E1 /* RGSSystem.m in Sources */ = {isa = PBXBuildFile; fileRef = 0E0C20EE1823C3CA00B066E1 /* RGSSystem.m */; };
		0E0C20F31823C3CA00B066E1 /* RGSViewController.m in Sources */ = {isa = PBXBuildFile; fileRef = 0E0C20F01823C3CA00B066E1 /* RGSViewController.m */; };
		0E0C20FA1823C48000B066E1 /* Default-568h@2x.png in Resources */ = {isa = PBXBuildFile; fileRef = 0E0C20F41823C48000B066E1 /* Default-568h@2x.png */; };
		0E0C20FB1823C48000B066E1 /* Default.png in Resources */ = {isa = PBXBuildFile; fileRef = 0E0C20F51823C48000B066E1 /* Default.png */; };
		0E0C20FC1823C48000B066E1 /* Default@2x.png in Resources */ = {isa = PBXBuildFile; fileRef = 0E0C20F61823C48000B066E1 /* Default@2x.png */; };
		0E0C20FD1823C48000B066E1 /* main.m in Sources */ = {isa = PBXBuildFile; fileRef = 0E0C20F71823C48000B066E1 /* main.m */; };
		0E0C20FE1823C48000B066E1 /* ResponsiveGridSystem-Info.plist in Resources */ = {isa = PBXBuildFile; fileRef = 0E0C20F81823C48000B066E1 /* ResponsiveGridSystem-Info.plist */; };
		34D2B43716B61D8D00C616FD /* UIKit.framework in Frameworks */ = {isa = PBXBuildFile; fileRef = 34D2B43616B61D8D00C616FD /* UIKit.framework */; };
		34D2B43916B61D8D00C616FD /* Foundation.framework in Frameworks */ = {isa = PBXBuildFile; fileRef = 34D2B43816B61D8D00C616FD /* Foundation.framework */; };
		34D2B43B16B61D8D00C616FD /* CoreGraphics.framework in Frameworks */ = {isa = PBXBuildFile; fileRef = 34D2B43A16B61D8D00C616FD /* CoreGraphics.framework */; };
/* End PBXBuildFile section */

/* Begin PBXFileReference section */
		0E0C20EB1823C3CA00B066E1 /* RGSAppDelegate.h */ = {isa = PBXFileReference; fileEncoding = 4; lastKnownFileType = sourcecode.c.h; name = RGSAppDelegate.h; path = ResponsiveGridSystem/RGSAppDelegate.h; sourceTree = SOURCE_ROOT; };
		0E0C20EC1823C3CA00B066E1 /* RGSAppDelegate.m */ = {isa = PBXFileReference; fileEncoding = 4; lastKnownFileType = sourcecode.c.objc; name = RGSAppDelegate.m; path = ResponsiveGridSystem/RGSAppDelegate.m; sourceTree = SOURCE_ROOT; };
		0E0C20ED1823C3CA00B066E1 /* RGSSystem.h */ = {isa = PBXFileReference; fileEncoding = 4; lastKnownFileType = sourcecode.c.h; name = RGSSystem.h; path = ResponsiveGridSystem/RGSSystem.h; sourceTree = SOURCE_ROOT; };
		0E0C20EE1823C3CA00B066E1 /* RGSSystem.m */ = {isa = PBXFileReference; fileEncoding = 4; lastKnownFileType = sourcecode.c.objc; name = RGSSystem.m; path = ResponsiveGridSystem/RGSSystem.m; sourceTree = SOURCE_ROOT; };
		0E0C20EF1823C3CA00B066E1 /* RGSViewController.h */ = {isa = PBXFileReference; fileEncoding = 4; lastKnownFileType = sourcecode.c.h; name = RGSViewController.h; path = ResponsiveGridSystem/RGSViewController.h; sourceTree = SOURCE_ROOT; };
		0E0C20F01823C3CA00B066E1 /* RGSViewController.m */ = {isa = PBXFileReference; fileEncoding = 4; lastKnownFileType = sourcecode.c.objc; name = RGSViewController.m; path = ResponsiveGridSystem/RGSViewController.m; sourceTree = SOURCE_ROOT; };
		0E0C20F41823C48000B066E1 /* Default-568h@2x.png */ = {isa = PBXFileReference; lastKnownFileType = image.png; name = "Default-568h@2x.png"; path = "ResponsiveGridSystem/Default-568h@2x.png"; sourceTree = SOURCE_ROOT; };
		0E0C20F51823C48000B066E1 /* Default.png */ = {isa = PBXFileReference; lastKnownFileType = image.png; name = Default.png; path = ResponsiveGridSystem/Default.png; sourceTree = SOURCE_ROOT; };
		0E0C20F61823C48000B066E1 /* Default@2x.png */ = {isa = PBXFileReference; lastKnownFileType = image.png; name = "Default@2x.png"; path = "ResponsiveGridSystem/Default@2x.png"; sourceTree = SOURCE_ROOT; };
		0E0C20F71823C48000B066E1 /* main.m */ = {isa = PBXFileReference; fileEncoding = 4; lastKnownFileType = sourcecode.c.objc; name = main.m; path = ResponsiveGridSystem/main.m; sourceTree = SOURCE_ROOT; };
		0E0C20F81823C48000B066E1 /* ResponsiveGridSystem-Info.plist */ = {isa = PBXFileReference; fileEncoding = 4; lastKnownFileType = text.plist.xml; name = "ResponsiveGridSystem-Info.plist"; path = "ResponsiveGridSystem/ResponsiveGridSystem-Info.plist"; sourceTree = SOURCE_ROOT; };
		0E0C20F91823C48000B066E1 /* ResponsiveGridSystem-Prefix.pch */ = {isa = PBXFileReference; fileEncoding = 4; lastKnownFileType = sourcecode.c.h; name = "ResponsiveGridSystem-Prefix.pch"; path = "ResponsiveGridSystem/ResponsiveGridSystem-Prefix.pch"; sourceTree = SOURCE_ROOT; };
		34D2B43216B61D8D00C616FD /* ResponsiveGridSystem.app */ = {isa = PBXFileReference; explicitFileType = wrapper.application; includeInIndex = 0; path = ResponsiveGridSystem.app; sourceTree = BUILT_PRODUCTS_DIR; };
		34D2B43616B61D8D00C616FD /* UIKit.framework */ = {isa = PBXFileReference; lastKnownFileType = wrapper.framework; name = UIKit.framework; path = System/Library/Frameworks/UIKit.framework; sourceTree = SDKROOT; };
		34D2B43816B61D8D00C616FD /* Foundation.framework */ = {isa = PBXFileReference; lastKnownFileType = wrapper.framework; name = Foundation.framework; path = System/Library/Frameworks/Foundation.framework; sourceTree = SDKROOT; };
		34D2B43A16B61D8D00C616FD /* CoreGraphics.framework */ = {isa = PBXFileReference; lastKnownFileType = wrapper.framework; name = CoreGraphics.framework; path = System/Library/Frameworks/CoreGraphics.framework; sourceTree = SDKROOT; };
/* End PBXFileReference section */

/* Begin PBXFrameworksBuildPhase section */
		34D2B42F16B61D8D00C616FD /* Frameworks */ = {
			isa = PBXFrameworksBuildPhase;
			buildActionMask = 2147483647;
			files = (
				34D2B43716B61D8D00C616FD /* UIKit.framework in Frameworks */,
				34D2B43916B61D8D00C616FD /* Foundation.framework in Frameworks */,
				34D2B43B16B61D8D00C616FD /* CoreGraphics.framework in Frameworks */,
			);
			runOnlyForDeploymentPostprocessing = 0;
		};
/* End PBXFrameworksBuildPhase section */

/* Begin PBXGroup section */
		34D2B42716B61D8D00C616FD = {
			isa = PBXGroup;
			children = (
				34D2B43C16B61D8D00C616FD /* GridSystem */,
				34D2B43516B61D8D00C616FD /* Frameworks */,
				34D2B43316B61D8D00C616FD /* Products */,
			);
			sourceTree = "<group>";
		};
		34D2B43316B61D8D00C616FD /* Products */ = {
			isa = PBXGroup;
			children = (
				34D2B43216B61D8D00C616FD /* ResponsiveGridSystem.app */,
			);
			name = Products;
			sourceTree = "<group>";
		};
		34D2B43516B61D8D00C616FD /* Frameworks */ = {
			isa = PBXGroup;
			children = (
				34D2B43616B61D8D00C616FD /* UIKit.framework */,
				34D2B43816B61D8D00C616FD /* Foundation.framework */,
				34D2B43A16B61D8D00C616FD /* CoreGraphics.framework */,
			);
			name = Frameworks;
			sourceTree = "<group>";
		};
		34D2B43C16B61D8D00C616FD /* GridSystem */ = {
			isa = PBXGroup;
			children = (
				0E0C20EB1823C3CA00B066E1 /* RGSAppDelegate.h */,
				0E0C20EC1823C3CA00B066E1 /* RGSAppDelegate.m */,
				0E0C20ED1823C3CA00B066E1 /* RGSSystem.h */,
				0E0C20EE1823C3CA00B066E1 /* RGSSystem.m */,
				0E0C20EF1823C3CA00B066E1 /* RGSViewController.h */,
				0E0C20F01823C3CA00B066E1 /* RGSViewController.m */,
				34D2B43D16B61D8D00C616FD /* Supporting Files */,
			);
			path = GridSystem;
			sourceTree = "<group>";
		};
		34D2B43D16B61D8D00C616FD /* Supporting Files */ = {
			isa = PBXGroup;
			children = (
				0E0C20F41823C48000B066E1 /* Default-568h@2x.png */,
				0E0C20F51823C48000B066E1 /* Default.png */,
				0E0C20F61823C48000B066E1 /* Default@2x.png */,
				0E0C20F71823C48000B066E1 /* main.m */,
				0E0C20F81823C48000B066E1 /* ResponsiveGridSystem-Info.plist */,
				0E0C20F91823C48000B066E1 /* ResponsiveGridSystem-Prefix.pch */,
			);
			name = "Supporting Files";
			sourceTree = "<group>";
		};
/* End PBXGroup section */

/* Begin PBXNativeTarget section */
		34D2B43116B61D8D00C616FD /* ResponsiveGridSystem */ = {
			isa = PBXNativeTarget;
			buildConfigurationList = 34D2B45916B61D8D00C616FD /* Build configuration list for PBXNativeTarget "ResponsiveGridSystem" */;
			buildPhases = (
				34D2B42E16B61D8D00C616FD /* Sources */,
				34D2B42F16B61D8D00C616FD /* Frameworks */,
				34D2B43016B61D8D00C616FD /* Resources */,
			);
			buildRules = (
			);
			dependencies = (
			);
			name = ResponsiveGridSystem;
			productName = GridSystem;
			productReference = 34D2B43216B61D8D00C616FD /* ResponsiveGridSystem.app */;
			productType = "com.apple.product-type.application";
		};
/* End PBXNativeTarget section */

/* Begin PBXProject section */
		34D2B42916B61D8D00C616FD /* Project object */ = {
			isa = PBXProject;
			attributes = {
				CLASSPREFIX = RGS;
				LastUpgradeCheck = 0450;
				ORGANIZATIONNAME = "Matthew Palmer";
			};
			buildConfigurationList = 34D2B42C16B61D8D00C616FD /* Build configuration list for PBXProject "ResponsiveGridSystem" */;
			compatibilityVersion = "Xcode 3.2";
			developmentRegion = English;
			hasScannedForEncodings = 0;
			knownRegions = (
				en,
			);
			mainGroup = 34D2B42716B61D8D00C616FD;
			productRefGroup = 34D2B43316B61D8D00C616FD /* Products */;
			projectDirPath = "";
			projectRoot = "";
			targets = (
				34D2B43116B61D8D00C616FD /* ResponsiveGridSystem */,
			);
		};
/* End PBXProject section */

/* Begin PBXResourcesBuildPhase section */
		34D2B43016B61D8D00C616FD /* Resources */ = {
			isa = PBXResourcesBuildPhase;
			buildActionMask = 2147483647;
			files = (
				0E0C20FC1823C48000B066E1 /* Default@2x.png in Resources */,
				0E0C20FA1823C48000B066E1 /* Default-568h@2x.png in Resources */,
				0E0C20FB1823C48000B066E1 /* Default.png in Resources */,
				0E0C20FE1823C48000B066E1 /* ResponsiveGridSystem-Info.plist in Resources */,
			);
			runOnlyForDeploymentPostprocessing = 0;
		};
/* End PBXResourcesBuildPhase section */

/* Begin PBXSourcesBuildPhase section */
		34D2B42E16B61D8D00C616FD /* Sources */ = {
			isa = PBXSourcesBuildPhase;
			buildActionMask = 2147483647;
			files = (
				0E0C20F31823C3CA00B066E1 /* RGSViewController.m in Sources */,
				0E0C20F11823C3CA00B066E1 /* RGSAppDelegate.m in Sources */,
				0E0C20FD1823C48000B066E1 /* main.m in Sources */,
				0E0C20F21823C3CA00B066E1 /* RGSSystem.m in Sources */,
			);
			runOnlyForDeploymentPostprocessing = 0;
		};
/* End PBXSourcesBuildPhase section */

/* Begin XCBuildConfiguration section */
		34D2B45716B61D8D00C616FD /* Debug */ = {
			isa = XCBuildConfiguration;
			buildSettings = {
				ALWAYS_SEARCH_USER_PATHS = NO;
				CLANG_CXX_LANGUAGE_STANDARD = "gnu++0x";
				CLANG_CXX_LIBRARY = "libc++";
				CLANG_ENABLE_OBJC_ARC = YES;
				CLANG_WARN_EMPTY_BODY = YES;
				CLANG_WARN__DUPLICATE_METHOD_MATCH = YES;
				"CODE_SIGN_IDENTITY[sdk=iphoneos*]" = "iPhone Developer";
				COPY_PHASE_STRIP = NO;
				GCC_C_LANGUAGE_STANDARD = gnu99;
				GCC_DYNAMIC_NO_PIC = NO;
				GCC_OPTIMIZATION_LEVEL = 0;
				GCC_PREPROCESSOR_DEFINITIONS = (
					"DEBUG=1",
					"$(inherited)",
				);
				GCC_SYMBOLS_PRIVATE_EXTERN = NO;
				GCC_WARN_ABOUT_RETURN_TYPE = YES;
				GCC_WARN_UNINITIALIZED_AUTOS = YES;
				GCC_WARN_UNUSED_VARIABLE = YES;
				IPHONEOS_DEPLOYMENT_TARGET = 6.0;
				ONLY_ACTIVE_ARCH = YES;
				SDKROOT = iphoneos;
				TARGETED_DEVICE_FAMILY = "1,2";
			};
			name = Debug;
		};
		34D2B45816B61D8D00C616FD /* Release */ = {
			isa = XCBuildConfiguration;
			buildSettings = {
				ALWAYS_SEARCH_USER_PATHS = NO;
				CLANG_CXX_LANGUAGE_STANDARD = "gnu++0x";
				CLANG_CXX_LIBRARY = "libc++";
				CLANG_ENABLE_OBJC_ARC = YES;
				CLANG_WARN_EMPTY_BODY = YES;
				CLANG_WARN__DUPLICATE_METHOD_MATCH = YES;
				"CODE_SIGN_IDENTITY[sdk=iphoneos*]" = "iPhone Developer";
				COPY_PHASE_STRIP = YES;
				GCC_C_LANGUAGE_STANDARD = gnu99;
				GCC_WARN_ABOUT_RETURN_TYPE = YES;
				GCC_WARN_UNINITIALIZED_AUTOS = YES;
				GCC_WARN_UNUSED_VARIABLE = YES;
				IPHONEOS_DEPLOYMENT_TARGET = 6.0;
				OTHER_CFLAGS = "-DNS_BLOCK_ASSERTIONS=1";
				SDKROOT = iphoneos;
				TARGETED_DEVICE_FAMILY = "1,2";
				VALIDATE_PRODUCT = YES;
			};
			name = Release;
		};
		34D2B45A16B61D8D00C616FD /* Debug */ = {
			isa = XCBuildConfiguration;
			buildSettings = {
				GCC_PRECOMPILE_PREFIX_HEADER = YES;
				GCC_PREFIX_HEADER = "ResponsiveGridSystem/ResponsiveGridSystem-Prefix.pch";
				INFOPLIST_FILE = "ResponsiveGridSystem/ResponsiveGridSystem-Info.plist";
				PRODUCT_NAME = ResponsiveGridSystem;
				WRAPPER_EXTENSION = app;
			};
			name = Debug;
		};
		34D2B45B16B61D8D00C616FD /* Release */ = {
			isa = XCBuildConfiguration;
			buildSettings = {
				GCC_PRECOMPILE_PREFIX_HEADER = YES;
				GCC_PREFIX_HEADER = "ResponsiveGridSystem/ResponsiveGridSystem-Prefix.pch";
				INFOPLIST_FILE = "ResponsiveGridSystem/ResponsiveGridSystem-Info.plist";
				PRODUCT_NAME = ResponsiveGridSystem;
				WRAPPER_EXTENSION = app;
			};
			name = Release;
		};
/* End XCBuildConfiguration section */

/* Begin XCConfigurationList section */
		34D2B42C16B61D8D00C616FD /* Build configuration list for PBXProject "ResponsiveGridSystem" */ = {
			isa = XCConfigurationList;
			buildConfigurations = (
				34D2B45716B61D8D00C616FD /* Debug */,
				34D2B45816B61D8D00C616FD /* Release */,
			);
			defaultConfigurationIsVisible = 0;
			defaultConfigurationName = Release;
		};
		34D2B45916B61D8D00C616FD /* Build configuration list for PBXNativeTarget "ResponsiveGridSystem" */ = {
			isa = XCConfigurationList;
			buildConfigurations = (
				34D2B45A16B61D8D00C616FD /* Debug */,
				34D2B45B16B61D8D00C616FD /* Release */,
			);
			defaultConfigurationIsVisible = 0;
			defaultConfigurationName = Release;
		};
/* End XCConfigurationList section */
	};
	rootObject = 34D2B42916B61D8D00C616FD /* Project object */;
}
